PODS:
  - StyleDictionaryDarkMode (0.0.1)

DEPENDENCIES:
  - StyleDictionaryDarkMode (from `../../`)

EXTERNAL SOURCES:
  StyleDictionaryDarkMode:
    :path: "../../"

SPEC CHECKSUMS:
  StyleDictionaryDarkMode: e3a10779393e3433e05b488ba9193fe74cc0f23a

PODFILE CHECKSUM: 7a8177f0b37058043a0ced8db4d14f05269b6949

COCOAPODS: 1.9.3
